
Microsoft Visual Studio Solution File, Format Version 12.00
# Visual Studio 2012
Project("{FAE04EC0-301F-11D3-BF4B-00C04F79EFBC}") = "webstart", "webstart\webstart.csproj", "{1498D4C8-0C5F-43EF-92C1-D17501771674}"
EndProject
Project("{2150E333-8FDC-42A3-9474-1A3956D46DE8}") = "platform", "platform", "{88BC80B5-324F-407C-A1CA-6E3BC77C6131}"
EndProject
Project("{FAE04EC0-301F-11D3-BF4B-00C04F79EFBC}") = "platform", "platform\platform.csproj", "{F0052EBE-8E92-482C-80C0-2D7A0354EE28}"
EndProject
Global
	GlobalSection(SolutionConfigurationPlatforms) = preSolution
		Debug|Any CPU = Debug|Any CPU
		Release|Any CPU = Release|Any CPU
	EndGlobalSection
	GlobalSection(ProjectConfigurationPlatforms) = postSolution
		{1498D4C8-0C5F-43EF-92C1-D17501771674}.Debug|Any CPU.ActiveCfg = Debug|Any CPU
		{1498D4C8-0C5F-43EF-92C1-D17501771674}.Debug|Any CPU.Build.0 = Debug|Any CPU
		{1498D4C8-0C5F-43EF-92C1-D17501771674}.Release|Any CPU.ActiveCfg = Release|Any CPU
		{1498D4C8-0C5F-43EF-92C1-D17501771674}.Release|Any CPU.Build.0 = Release|Any CPU
		{F0052EBE-8E92-482C-80C0-2D7A0354EE28}.Debug|Any CPU.ActiveCfg = Debug|Any CPU
		{F0052EBE-8E92-482C-80C0-2D7A0354EE28}.Debug|Any CPU.Build.0 = Debug|Any CPU
		{F0052EBE-8E92-482C-80C0-2D7A0354EE28}.Release|Any CPU.ActiveCfg = Release|Any CPU
		{F0052EBE-8E92-482C-80C0-2D7A0354EE28}.Release|Any CPU.Build.0 = Release|Any CPU
	EndGlobalSection
	GlobalSection(SolutionProperties) = preSolution
		HideSolutionNode = FALSE
	EndGlobalSection
	GlobalSection(NestedProjects) = preSolution
		{F0052EBE-8E92-482C-80C0-2D7A0354EE28} = {88BC80B5-324F-407C-A1CA-6E3BC77C6131}
	EndGlobalSection
EndGlobal
